{
  "name": "streamthumb-jsquash-benchmarks",
  "version": "0.0.0",
  "lockfileVersion": 3,
  "requires": true,
  "packages": {
    "": {
      "name": "streamthumb-jsquash-benchmarks",
      "version": "0.0.0",
      "dependencies": {
        "@jsquash/png": "3.1.1",
        "@jsquash/resize": "2.1.1"
      },
      "engines": {
        "node": ">=20"
      }
    },
    "node_modules/@jsquash/png": {
      "version": "3.1.1",
      "resolved": "https://registry.npmjs.org/@jsquash/png/-/png-3.1.1.tgz",
      "integrity": "sha512-C10pc+0H6j0h8fENOfnGOvkXCmvpSQTDGlfGd0sHphZhPSGTyLjIrHba0FaZZdsKqA/wlmhYicUHb92vfZphaw==",
      "license": "Apache-2.0"
    },
    "node_modules/@jsquash/resize": {
      "version": "2.1.1",
      "resolved": "https://registry.npmjs.org/@jsquash/resize/-/resize-2.1.1.tgz",
      "integrity": "sha512-0R5UL1ZLHUT+carjVikcE1QfA+kfNQ2YamYyGVRmhfh4zttU5EY3bQBGxPIPtY2xIAw1P4Kgyxm2xrceRw1r2w==",
      "license": "Apache-2.0"
    }
  }
}
